<Solution>
  <Folder Name="/libs/">
    <Project Path="src/libs/KiCadSharp.Protos/KiCadSharp.Protos.csproj" />
    <Project Path="src/libs/KiCadSharp/KiCadSharp.csproj" />
    <Project Path="src/libs/SExpressionSharp.Tests/SExpressionSharp.Tests.csproj" />
    <Project Path="src/libs/SExpressionSharp/SExpressionSharp.csproj" />
  </Folder>
  <Folder Name="/tools/">
    <Project Path="src/tools/KiCadSharp.Cli/KiCadSharp.Cli.csproj" />
  </Folder>
</Solution>
